
Microsoft Visual Studio Solution File, Format Version 12.00
# Visual Studio Version 16
VisualStudioVersion = 16.0.30225.117
MinimumVisualStudioVersion = 10.0.40219.1
Project("{FAE04EC0-301F-11D3-BF4B-00C04F79EFBC}") = "Train.Algorithms", "Train.Algorithms\Train.Algorithms.csproj", "{6E363823-BF94-47FF-9ABA-A37452CD3F85}"
EndProject
Global
	GlobalSection(SolutionConfigurationPlatforms) = preSolution
		Debug|Any CPU = Debug|Any CPU
		Release|Any CPU = Release|Any CPU
	EndGlobalSection
	GlobalSection(ProjectConfigurationPlatforms) = postSolution
		{6E363823-BF94-47FF-9ABA-A37452CD3F85}.Debug|Any CPU.ActiveCfg = Debug|Any CPU
		{6E363823-BF94-47FF-9ABA-A37452CD3F85}.Debug|Any CPU.Build.0 = Debug|Any CPU
		{6E363823-BF94-47FF-9ABA-A37452CD3F85}.Release|Any CPU.ActiveCfg = Release|Any CPU
		{6E363823-BF94-47FF-9ABA-A37452CD3F85}.Release|Any CPU.Build.0 = Release|Any CPU
	EndGlobalSection
	GlobalSection(SolutionProperties) = preSolution
		HideSolutionNode = FALSE
	EndGlobalSection
	GlobalSection(ExtensibilityGlobals) = postSolution
		SolutionGuid = {0DADD137-2BA6-4DB7-BCD2-83C17F82D14D}
	EndGlobalSection
EndGlobal
